
Microsoft Visual Studio Solution File, Format Version 12.00
# Visual Studio Version 16
VisualStudioVersion = 16.0.32802.440
MinimumVisualStudioVersion = 10.0.40219.1
Project("{FAE04EC0-301F-11D3-BF4B-00C04F79EFBC}") = "ERManagement.WEBUI", "ERManagement.WEBUI\ERManagement.WEBUI.csproj", "{39C6B5B2-5154-4397-A0D6-97D87389C1B0}"
EndProject
Project("{FAE04EC0-301F-11D3-BF4B-00C04F79EFBC}") = "HRManagement.Data", "HRManagement.Data\HRManagement.Data.csproj", "{D5962AA4-09FE-4E02-9118-460F82D3FA37}"
EndProject
Project("{FAE04EC0-301F-11D3-BF4B-00C04F79EFBC}") = "HRManagement.Services", "HRManagement.Services\HRManagement.Services.csproj", "{006ADA6D-61D7-4BC0-B4AB-EA98FD0BD67F}"
EndProject
Global
	GlobalSection(SolutionConfigurationPlatforms) = preSolution
		Debug|Any CPU = Debug|Any CPU
		Release|Any CPU = Release|Any CPU
	EndGlobalSection
	GlobalSection(ProjectConfigurationPlatforms) = postSolution
		{39C6B5B2-5154-4397-A0D6-97D87389C1B0}.Debug|Any CPU.ActiveCfg = Debug|Any CPU
		{39C6B5B2-5154-4397-A0D6-97D87389C1B0}.Debug|Any CPU.Build.0 = Debug|Any CPU
		{39C6B5B2-5154-4397-A0D6-97D87389C1B0}.Release|Any CPU.ActiveCfg = Release|Any CPU
		{39C6B5B2-5154-4397-A0D6-97D87389C1B0}.Release|Any CPU.Build.0 = Release|Any CPU
		{D5962AA4-09FE-4E02-9118-460F82D3FA37}.Debug|Any CPU.ActiveCfg = Debug|Any CPU
		{D5962AA4-09FE-4E02-9118-460F82D3FA37}.Debug|Any CPU.Build.0 = Debug|Any CPU
		{D5962AA4-09FE-4E02-9118-460F82D3FA37}.Release|Any CPU.ActiveCfg = Release|Any CPU
		{D5962AA4-09FE-4E02-9118-460F82D3FA37}.Release|Any CPU.Build.0 = Release|Any CPU
		{006ADA6D-61D7-4BC0-B4AB-EA98FD0BD67F}.Debug|Any CPU.ActiveCfg = Debug|Any CPU
		{006ADA6D-61D7-4BC0-B4AB-EA98FD0BD67F}.Debug|Any CPU.Build.0 = Debug|Any CPU
		{006ADA6D-61D7-4BC0-B4AB-EA98FD0BD67F}.Release|Any CPU.ActiveCfg = Release|Any CPU
		{006ADA6D-61D7-4BC0-B4AB-EA98FD0BD67F}.Release|Any CPU.Build.0 = Release|Any CPU
	EndGlobalSection
	GlobalSection(SolutionProperties) = preSolution
		HideSolutionNode = FALSE
	EndGlobalSection
	GlobalSection(ExtensibilityGlobals) = postSolution
		SolutionGuid = {029E99A5-E5B0-485D-9EFC-5FAB4C2D3373}
	EndGlobalSection
EndGlobal
